
Microsoft Visual Studio Solution File, Format Version 12.00
# Visual Studio Version 16
VisualStudioVersion = 16.0.31321.278
MinimumVisualStudioVersion = 10.0.40219.1
Project("{FAE04EC0-301F-11D3-BF4B-00C04F79EFBC}") = "Find_Greater", "Find_Greater.csproj", "{807A1FFB-2F18-439E-9E53-F7BCA45F88E8}"
EndProject
Global
	GlobalSection(SolutionConfigurationPlatforms) = preSolution
		Debug|Any CPU = Debug|Any CPU
		Release|Any CPU = Release|Any CPU
	EndGlobalSection
	GlobalSection(ProjectConfigurationPlatforms) = postSolution
		{807A1FFB-2F18-439E-9E53-F7BCA45F88E8}.Debug|Any CPU.ActiveCfg = Debug|Any CPU
		{807A1FFB-2F18-439E-9E53-F7BCA45F88E8}.Debug|Any CPU.Build.0 = Debug|Any CPU
		{807A1FFB-2F18-439E-9E53-F7BCA45F88E8}.Release|Any CPU.ActiveCfg = Release|Any CPU
		{807A1FFB-2F18-439E-9E53-F7BCA45F88E8}.Release|Any CPU.Build.0 = Release|Any CPU
	EndGlobalSection
	GlobalSection(SolutionProperties) = preSolution
		HideSolutionNode = FALSE
	EndGlobalSection
	GlobalSection(ExtensibilityGlobals) = postSolution
		SolutionGuid = {0E6F1675-8CF7-48C5-B2B1-BE1961AE46A2}
	EndGlobalSection
EndGlobal
